
Microsoft Visual Studio Solution File, Format Version 12.00
# Visual Studio Version 16
VisualStudioVersion = 16.0.30406.217
MinimumVisualStudioVersion = 10.0.40219.1
Project("{FAE04EC0-301F-11D3-BF4B-00C04F79EFBC}") = "BassClefStudio.NET.Cryptography", "BassClefStudio.NET.Cryptography\BassClefStudio.NET.Cryptography.csproj", "{8846D602-6801-4F51-ACDD-2C0DCC30B9CE}"
EndProject
Global
	GlobalSection(SolutionConfigurationPlatforms) = preSolution
		Debug|Any CPU = Debug|Any CPU
		Release|Any CPU = Release|Any CPU
	EndGlobalSection
	GlobalSection(ProjectConfigurationPlatforms) = postSolution
		{8846D602-6801-4F51-ACDD-2C0DCC30B9CE}.Debug|Any CPU.ActiveCfg = Debug|Any CPU
		{8846D602-6801-4F51-ACDD-2C0DCC30B9CE}.Debug|Any CPU.Build.0 = Debug|Any CPU
		{8846D602-6801-4F51-ACDD-2C0DCC30B9CE}.Release|Any CPU.ActiveCfg = Release|Any CPU
		{8846D602-6801-4F51-ACDD-2C0DCC30B9CE}.Release|Any CPU.Build.0 = Release|Any CPU
	EndGlobalSection
	GlobalSection(SolutionProperties) = preSolution
		HideSolutionNode = FALSE
	EndGlobalSection
	GlobalSection(ExtensibilityGlobals) = postSolution
		SolutionGuid = {80A512E5-12D7-464C-966E-8B76D9AD0364}
	EndGlobalSection
EndGlobal
